{
  "name": "data-animate",
  "version": "0.1.0",
  "lockfileVersion": 1,
  "requires": true,
  "dependencies": {
    "@svgdotjs/svg.draggable.js": {
      "version": "3.0.2",
      "resolved": "https://registry.npmjs.org/@svgdotjs/svg.draggable.js/-/svg.draggable.js-3.0.2.tgz",
      "integrity": "sha512-yqCJe/w1q3IK51zRiqB42rsvQHyX5oqg/Eck02TDRhRv+pQ7sSHJfdyljiGkqoFW4i/1sIpnqYmiLDeM12Nhsw==",
      "requires": {
        "@svgdotjs/svg.js": "^3.0.10"
      }
    },
    "@svgdotjs/svg.js": {
      "version": "3.0.12",
      "resolved": "https://registry.npmjs.org/@svgdotjs/svg.js/-/svg.js-3.0.12.tgz",
      "integrity": "sha512-2oaomFz21tW5L+LwCVchIr+LiTsNeKH3RguryLr4QpRdilc2Rw1R8T7MyOC1GwyRCZr0Jejx7k72PnHWooSpIg=="
    },
    "svg.js": {
      "version": "2.7.1",
      "resolved": "https://registry.npmjs.org/svg.js/-/svg.js-2.7.1.tgz",
      "integrity": "sha512-ycbxpizEQktk3FYvn/8BH+6/EuWXg7ZpQREJvgacqn46gIddG24tNNe4Son6omdXCnSOaApnpZw6MPCBA1dODA=="
    }
  }
}
